<?xml version="1.0" encoding="UTF-8"?>
<!DOCTYPE plist PUBLIC "-//Apple//DTD PLIST 1.0//EN" "http://www.apple.com/DTDs/PropertyList-1.0.dtd">
<plist version="1.0">
<dict>
	<key>archiveVersion</key>
	<string>1</string>
	<key>classes</key>
	<dict/>
	<key>objectVersion</key>
	<string>46</string>
	<key>objects</key>
	<dict>
		<key>23B1C4757F2F031D14B20A7F</key>
		<dict>
			<key>buildActionMask</key>
			<string>2147483647</string>
			<key>files</key>
			<array/>
			<key>inputPaths</key>
			<array/>
			<key>isa</key>
			<string>PBXShellScriptBuildPhase</string>
			<key>name</key>
			<string>Check Pods Manifest.lock</string>
			<key>outputPaths</key>
			<array/>
			<key>runOnlyForDeploymentPostprocessing</key>
			<string>0</string>
			<key>shellPath</key>
			<string>/bin/sh</string>
			<key>shellScript</key>
			<string>diff "${PODS_ROOT}/../Podfile.lock" "${PODS_ROOT}/Manifest.lock" &gt; /dev/null
if [[ $? != 0 ]] ; then
    cat &lt;&lt; EOM
error: The sandbox is not in sync with the Podfile.lock. Run 'pod install' or update your CocoaPods installation.
EOM
    exit 1
fi
</string>
			<key>showEnvVarsInLog</key>
			<string>0</string>
		</dict>
		<key>2E6211C958732C563CBD1B9F</key>
		<dict>
			<key>includeInIndex</key>
			<string>1</string>
			<key>isa</key>
			<string>PBXFileReference</string>
			<key>lastKnownFileType</key>
			<string>text.xcconfig</string>
			<key>name</key>
			<string>Pods.release.xcconfig</string>
			<key>path</key>
			<string>Pods/Target Support Files/Pods/Pods.release.xcconfig</string>
			<key>sourceTree</key>
			<string>&lt;group&gt;</string>
		</dict>
		<key>408F4037B803BD77FDC8A989</key>
		<dict>
			<key>children</key>
			<array>
				<string>4434B9EF17023B3D49FC831D</string>
				<string>2E6211C958732C563CBD1B9F</string>
			</array>
			<key>isa</key>
			<string>PBXGroup</string>
			<key>name</key>
			<string>Pods</string>
			<key>sourceTree</key>
			<string>&lt;group&gt;</string>
		</dict>
		<key>4434B9EF17023B3D49FC831D</key>
		<dict>
			<key>includeInIndex</key>
			<string>1</string>
			<key>isa</key>
			<string>PBXFileReference</string>
			<key>lastKnownFileType</key>
			<string>text.xcconfig</string>
			<key>name</key>
			<string>Pods.debug.xcconfig</string>
			<key>path</key>
			<string>Pods/Target Support Files/Pods/Pods.debug.xcconfig</string>
			<key>sourceTree</key>
			<string>&lt;group&gt;</string>
		</dict>
		<key>4D99A34922881B67554124D8</key>
		<dict>
			<key>fileRef</key>
			<string>9A33F09C38743F78536778FC</string>
			<key>isa</key>
			<string>PBXBuildFile</string>
		</dict>
		<key>97F969D0B06B3F053FDCF555</key>
		<dict>
			<key>children</key>
			<array>
				<string>9A33F09C38743F78536778FC</string>
			</array>
			<key>isa</key>
			<string>PBXGroup</string>
			<key>name</key>
			<string>Frameworks</string>
			<key>sourceTree</key>
			<string>&lt;group&gt;</string>
		</dict>
		<key>9A33F09C38743F78536778FC</key>
		<dict>
			<key>explicitFileType</key>
			<string>archive.ar</string>
			<key>includeInIndex</key>
			<string>0</string>
			<key>isa</key>
			<string>PBXFileReference</string>
			<key>path</key>
			<string>libPods.a</string>
			<key>sourceTree</key>
			<string>BUILT_PRODUCTS_DIR</string>
		</dict>
		<key>C55306C31A648AB2005833CF</key>
		<dict>
			<key>fileEncoding</key>
			<string>4</string>
			<key>isa</key>
			<string>PBXFileReference</string>
			<key>lastKnownFileType</key>
			<string>sourcecode.c.h</string>
			<key>path</key>
			<string>ScannerViewController.h</string>
			<key>sourceTree</key>
			<string>&lt;group&gt;</string>
		</dict>
		<key>C55306C41A648AB2005833CF</key>
		<dict>
			<key>fileEncoding</key>
			<string>4</string>
			<key>isa</key>
			<string>PBXFileReference</string>
			<key>lastKnownFileType</key>
			<string>sourcecode.c.objc</string>
			<key>path</key>
			<string>ScannerViewController.m</string>
			<key>sourceTree</key>
			<string>&lt;group&gt;</string>
		</dict>
		<key>C55306C51A648AB2005833CF</key>
		<dict>
			<key>fileRef</key>
			<string>C55306C41A648AB2005833CF</string>
			<key>isa</key>
			<string>PBXBuildFile</string>
		</dict>
		<key>C55306C61A648CEE005833CF</key>
		<dict>
			<key>isa</key>
			<string>PBXFileReference</string>
			<key>lastKnownFileType</key>
			<string>wrapper.framework</string>
			<key>name</key>
			<string>AVFoundation.framework</string>
			<key>path</key>
			<string>System/Library/Frameworks/AVFoundation.framework</string>
			<key>sourceTree</key>
			<string>SDKROOT</string>
		</dict>
		<key>C55306C71A648CEE005833CF</key>
		<dict>
			<key>fileRef</key>
			<string>C55306C61A648CEE005833CF</string>
			<key>isa</key>
			<string>PBXBuildFile</string>
		</dict>
		<key>C55306CC1A649941005833CF</key>
		<dict>
			<key>isa</key>
			<string>PBXFileReference</string>
			<key>lastKnownFileType</key>
			<string>audio.mp3</string>
			<key>path</key>
			<string>beep.mp3</string>
			<key>sourceTree</key>
			<string>&lt;group&gt;</string>
		</dict>
		<key>C55306CD1A649941005833CF</key>
		<dict>
			<key>fileRef</key>
			<string>C55306CC1A649941005833CF</string>
			<key>isa</key>
			<string>PBXBuildFile</string>
		</dict>
		<key>C55EC9911A613EED002C8860</key>
		<dict>
			<key>children</key>
			<array>
				<string>C55306C61A648CEE005833CF</string>
				<string>C55EC99C1A613EED002C8860</string>
				<string>C55EC9B61A613EEE002C8860</string>
				<string>C55EC99B1A613EED002C8860</string>
				<string>408F4037B803BD77FDC8A989</string>
				<string>97F969D0B06B3F053FDCF555</string>
			</array>
			<key>isa</key>
			<string>PBXGroup</string>
			<key>sourceTree</key>
			<string>&lt;group&gt;</string>
		</dict>
		<key>C55EC9921A613EED002C8860</key>
		<dict>
			<key>attributes</key>
			<dict>
				<key>LastUpgradeCheck</key>
				<string>0610</string>
				<key>ORGANIZATIONNAME</key>
				<string>Krooya</string>
				<key>TargetAttributes</key>
				<dict>
					<key>C55EC9991A613EED002C8860</key>
					<dict>
						<key>CreatedOnToolsVersion</key>
						<string>6.1.1</string>
					</dict>
					<key>C55EC9B21A613EEE002C8860</key>
					<dict>
						<key>CreatedOnToolsVersion</key>
						<string>6.1.1</string>
						<key>TestTargetID</key>
						<string>C55EC9991A613EED002C8860</string>
					</dict>
				</dict>
			</dict>
			<key>buildConfigurationList</key>
			<string>C55EC9951A613EED002C8860</string>
			<key>compatibilityVersion</key>
			<string>Xcode 3.2</string>
			<key>developmentRegion</key>
			<string>English</string>
			<key>hasScannedForEncodings</key>
			<string>0</string>
			<key>isa</key>
			<string>PBXProject</string>
			<key>knownRegions</key>
			<array>
				<string>en</string>
				<string>Base</string>
			</array>
			<key>mainGroup</key>
			<string>C55EC9911A613EED002C8860</string>
			<key>productRefGroup</key>
			<string>C55EC99B1A613EED002C8860</string>
			<key>projectDirPath</key>
			<string></string>
			<key>projectReferences</key>
			<array/>
			<key>projectRoot</key>
			<string></string>
			<key>targets</key>
			<array>
				<string>C55EC9991A613EED002C8860</string>
				<string>C55EC9B21A613EEE002C8860</string>
			</array>
		</dict>
		<key>C55EC9951A613EED002C8860</key>
		<dict>
			<key>buildConfigurations</key>
			<array>
				<string>C55EC9BB1A613EEE002C8860</string>
				<string>C55EC9BC1A613EEE002C8860</string>
			</array>
			<key>defaultConfigurationIsVisible</key>
			<string>0</string>
			<key>defaultConfigurationName</key>
			<string>Release</string>
			<key>isa</key>
			<string>XCConfigurationList</string>
		</dict>
		<key>C55EC9961A613EED002C8860</key>
		<dict>
			<key>buildActionMask</key>
			<string>2147483647</string>
			<key>files</key>
			<array>
				<string>C55EC9DF1A62CAA1002C8860</string>
				<string>C55EC9D01A617550002C8860</string>
				<string>C55EC9E81A633501002C8860</string>
				<string>C55EC9EB1A63B677002C8860</string>
				<string>C55EC9E21A631DE2002C8860</string>
				<string>C55EC9EE1A63E4FD002C8860</string>
				<string>C55EC9A31A613EED002C8860</string>
				<string>C55EC9A01A613EED002C8860</string>
				<string>C55EC9C91A616E00002C8860</string>
				<string>C55306C51A648AB2005833CF</string>
			</array>
			<key>isa</key>
			<string>PBXSourcesBuildPhase</string>
			<key>runOnlyForDeploymentPostprocessing</key>
			<string>0</string>
		</dict>
		<key>C55EC9971A613EED002C8860</key>
		<dict>
			<key>buildActionMask</key>
			<string>2147483647</string>
			<key>files</key>
			<array>
				<string>C55306C71A648CEE005833CF</string>
				<string>4D99A34922881B67554124D8</string>
			</array>
			<key>isa</key>
			<string>PBXFrameworksBuildPhase</string>
			<key>runOnlyForDeploymentPostprocessing</key>
			<string>0</string>
		</dict>
		<key>C55EC9981A613EED002C8860</key>
		<dict>
			<key>buildActionMask</key>
			<string>2147483647</string>
			<key>files</key>
			<array>
				<string>C55EC9D41A61FCA1002C8860</string>
				<string>C55EC9D51A61FCA1002C8860</string>
				<string>C55306CD1A649941005833CF</string>
				<string>C55EC9A91A613EED002C8860</string>
				<string>C55EC9CD1A617280002C8860</string>
				<string>C55EC9AE1A613EED002C8860</string>
			</array>
			<key>isa</key>
			<string>PBXResourcesBuildPhase</string>
			<key>runOnlyForDeploymentPostprocessing</key>
			<string>0</string>
		</dict>
		<key>C55EC9991A613EED002C8860</key>
		<dict>
			<key>buildConfigurationList</key>
			<string>C55EC9BD1A613EEE002C8860</string>
			<key>buildPhases</key>
			<array>
				<string>23B1C4757F2F031D14B20A7F</string>
				<string>C55EC9961A613EED002C8860</string>
				<string>C55EC9971A613EED002C8860</string>
				<string>C55EC9981A613EED002C8860</string>
				<string>D223E6D8F9B540F6BF6A7750</string>
			</array>
			<key>buildRules</key>
			<array/>
			<key>dependencies</key>
			<array/>
			<key>isa</key>
			<string>PBXNativeTarget</string>
			<key>name</key>
			<string>Checkin</string>
			<key>productName</key>
			<string>Checkin</string>
			<key>productReference</key>
			<string>C55EC99A1A613EED002C8860</string>
			<key>productType</key>
			<string>com.apple.product-type.application</string>
		</dict>
		<key>C55EC99A1A613EED002C8860</key>
		<dict>
			<key>explicitFileType</key>
			<string>wrapper.application</string>
			<key>includeInIndex</key>
			<string>0</string>
			<key>isa</key>
			<string>PBXFileReference</string>
			<key>path</key>
			<string>Checkin.app</string>
			<key>sourceTree</key>
			<string>BUILT_PRODUCTS_DIR</string>
		</dict>
		<key>C55EC99B1A613EED002C8860</key>
		<dict>
			<key>children</key>
			<array>
				<string>C55EC99A1A613EED002C8860</string>
				<string>C55EC9B31A613EEE002C8860</string>
			</array>
			<key>isa</key>
			<string>PBXGroup</string>
			<key>name</key>
			<string>Products</string>
			<key>sourceTree</key>
			<string>&lt;group&gt;</string>
		</dict>
		<key>C55EC99C1A613EED002C8860</key>
		<dict>
			<key>children</key>
			<array>
				<string>C55EC9A11A613EED002C8860</string>
				<string>C55EC9A21A613EED002C8860</string>
				<string>C55EC9A71A613EED002C8860</string>
				<string>C55EC9AC1A613EED002C8860</string>
				<string>C55EC9CC1A617280002C8860</string>
				<string>C55EC99D1A613EED002C8860</string>
				<string>C55EC9C71A616E00002C8860</string>
				<string>C55EC9C81A616E00002C8860</string>
				<string>C55EC9CE1A617550002C8860</string>
				<string>C55EC9CF1A617550002C8860</string>
				<string>C55EC9E01A631DE2002C8860</string>
				<string>C55EC9E11A631DE2002C8860</string>
				<string>C55EC9E61A633501002C8860</string>
				<string>C55EC9E71A633501002C8860</string>
				<string>C55EC9E91A63B677002C8860</string>
				<string>C55EC9EA1A63B677002C8860</string>
				<string>C55EC9EC1A63E4FD002C8860</string>
				<string>C55EC9ED1A63E4FD002C8860</string>
				<string>C55306C31A648AB2005833CF</string>
				<string>C55306C41A648AB2005833CF</string>
			</array>
			<key>isa</key>
			<string>PBXGroup</string>
			<key>path</key>
			<string>Checkin</string>
			<key>sourceTree</key>
			<string>&lt;group&gt;</string>
		</dict>
		<key>C55EC99D1A613EED002C8860</key>
		<dict>
			<key>children</key>
			<array>
				<string>C55306CC1A649941005833CF</string>
				<string>C55EC9DC1A62CAA1002C8860</string>
				<string>C55EC9D31A61989C002C8860</string>
				<string>C55EC99E1A613EED002C8860</string>
				<string>C55EC99F1A613EED002C8860</string>
			</array>
			<key>isa</key>
			<string>PBXGroup</string>
			<key>name</key>
			<string>Supporting Files</string>
			<key>sourceTree</key>
			<string>&lt;group&gt;</string>
		</dict>
		<key>C55EC99E1A613EED002C8860</key>
		<dict>
			<key>isa</key>
			<string>PBXFileReference</string>
			<key>lastKnownFileType</key>
			<string>text.plist.xml</string>
			<key>path</key>
			<string>Info.plist</string>
			<key>sourceTree</key>
			<string>&lt;group&gt;</string>
		</dict>
		<key>C55EC99F1A613EED002C8860</key>
		<dict>
			<key>isa</key>
			<string>PBXFileReference</string>
			<key>lastKnownFileType</key>
			<string>sourcecode.c.objc</string>
			<key>path</key>
			<string>main.m</string>
			<key>sourceTree</key>
			<string>&lt;group&gt;</string>
		</dict>
		<key>C55EC9A01A613EED002C8860</key>
		<dict>
			<key>fileRef</key>
			<string>C55EC99F1A613EED002C8860</string>
			<key>isa</key>
			<string>PBXBuildFile</string>
		</dict>
		<key>C55EC9A11A613EED002C8860</key>
		<dict>
			<key>isa</key>
			<string>PBXFileReference</string>
			<key>lastKnownFileType</key>
			<string>sourcecode.c.h</string>
			<key>path</key>
			<string>AppDelegate.h</string>
			<key>sourceTree</key>
			<string>&lt;group&gt;</string>
		</dict>
		<key>C55EC9A21A613EED002C8860</key>
		<dict>
			<key>isa</key>
			<string>PBXFileReference</string>
			<key>lastKnownFileType</key>
			<string>sourcecode.c.objc</string>
			<key>path</key>
			<string>AppDelegate.m</string>
			<key>sourceTree</key>
			<string>&lt;group&gt;</string>
		</dict>
		<key>C55EC9A31A613EED002C8860</key>
		<dict>
			<key>fileRef</key>
			<string>C55EC9A21A613EED002C8860</string>
			<key>isa</key>
			<string>PBXBuildFile</string>
		</dict>
		<key>C55EC9A71A613EED002C8860</key>
		<dict>
			<key>children</key>
			<array>
				<string>C55EC9A81A613EED002C8860</string>
			</array>
			<key>isa</key>
			<string>PBXVariantGroup</string>
			<key>name</key>
			<string>Main.storyboard</string>
			<key>sourceTree</key>
			<string>&lt;group&gt;</string>
		</dict>
		<key>C55EC9A81A613EED002C8860</key>
		<dict>
			<key>isa</key>
			<string>PBXFileReference</string>
			<key>lastKnownFileType</key>
			<string>file.storyboard</string>
			<key>name</key>
			<string>Base</string>
			<key>path</key>
			<string>Base.lproj/Main.storyboard</string>
			<key>sourceTree</key>
			<string>&lt;group&gt;</string>
		</dict>
		<key>C55EC9A91A613EED002C8860</key>
		<dict>
			<key>fileRef</key>
			<string>C55EC9A71A613EED002C8860</string>
			<key>isa</key>
			<string>PBXBuildFile</string>
		</dict>
		<key>C55EC9AC1A613EED002C8860</key>
		<dict>
			<key>children</key>
			<array>
				<string>C55EC9AD1A613EED002C8860</string>
			</array>
			<key>isa</key>
			<string>PBXVariantGroup</string>
			<key>name</key>
			<string>LaunchScreen.xib</string>
			<key>sourceTree</key>
			<string>&lt;group&gt;</string>
		</dict>
		<key>C55EC9AD1A613EED002C8860</key>
		<dict>
			<key>isa</key>
			<string>PBXFileReference</string>
			<key>lastKnownFileType</key>
			<string>file.xib</string>
			<key>name</key>
			<string>Base</string>
			<key>path</key>
			<string>Base.lproj/LaunchScreen.xib</string>
			<key>sourceTree</key>
			<string>&lt;group&gt;</string>
		</dict>
		<key>C55EC9AE1A613EED002C8860</key>
		<dict>
			<key>fileRef</key>
			<string>C55EC9AC1A613EED002C8860</string>
			<key>isa</key>
			<string>PBXBuildFile</string>
		</dict>
		<key>C55EC9AF1A613EEE002C8860</key>
		<dict>
			<key>buildActionMask</key>
			<string>2147483647</string>
			<key>files</key>
			<array>
				<string>C55EC9BA1A613EEE002C8860</string>
			</array>
			<key>isa</key>
			<string>PBXSourcesBuildPhase</string>
			<key>runOnlyForDeploymentPostprocessing</key>
			<string>0</string>
		</dict>
		<key>C55EC9B01A613EEE002C8860</key>
		<dict>
			<key>buildActionMask</key>
			<string>2147483647</string>
			<key>files</key>
			<array/>
			<key>isa</key>
			<string>PBXFrameworksBuildPhase</string>
			<key>runOnlyForDeploymentPostprocessing</key>
			<string>0</string>
		</dict>
		<key>C55EC9B11A613EEE002C8860</key>
		<dict>
			<key>buildActionMask</key>
			<string>2147483647</string>
			<key>files</key>
			<array/>
			<key>isa</key>
			<string>PBXResourcesBuildPhase</string>
			<key>runOnlyForDeploymentPostprocessing</key>
			<string>0</string>
		</dict>
		<key>C55EC9B21A613EEE002C8860</key>
		<dict>
			<key>buildConfigurationList</key>
			<string>C55EC9C01A613EEE002C8860</string>
			<key>buildPhases</key>
			<array>
				<string>C55EC9AF1A613EEE002C8860</string>
				<string>C55EC9B01A613EEE002C8860</string>
				<string>C55EC9B11A613EEE002C8860</string>
			</array>
			<key>buildRules</key>
			<array/>
			<key>dependencies</key>
			<array>
				<string>C55EC9B51A613EEE002C8860</string>
			</array>
			<key>isa</key>
			<string>PBXNativeTarget</string>
			<key>name</key>
			<string>CheckinTests</string>
			<key>productName</key>
			<string>CheckinTests</string>
			<key>productReference</key>
			<string>C55EC9B31A613EEE002C8860</string>
			<key>productType</key>
			<string>com.apple.product-type.bundle.unit-test</string>
		</dict>
		<key>C55EC9B31A613EEE002C8860</key>
		<dict>
			<key>explicitFileType</key>
			<string>wrapper.cfbundle</string>
			<key>includeInIndex</key>
			<string>0</string>
			<key>isa</key>
			<string>PBXFileReference</string>
			<key>path</key>
			<string>CheckinTests.xctest</string>
			<key>sourceTree</key>
			<string>BUILT_PRODUCTS_DIR</string>
		</dict>
		<key>C55EC9B41A613EEE002C8860</key>
		<dict>
			<key>containerPortal</key>
			<string>C55EC9921A613EED002C8860</string>
			<key>isa</key>
			<string>PBXContainerItemProxy</string>
			<key>proxyType</key>
			<string>1</string>
			<key>remoteGlobalIDString</key>
			<string>C55EC9991A613EED002C8860</string>
			<key>remoteInfo</key>
			<string>Checkin</string>
		</dict>
		<key>C55EC9B51A613EEE002C8860</key>
		<dict>
			<key>isa</key>
			<string>PBXTargetDependency</string>
			<key>target</key>
			<string>C55EC9991A613EED002C8860</string>
			<key>targetProxy</key>
			<string>C55EC9B41A613EEE002C8860</string>
		</dict>
		<key>C55EC9B61A613EEE002C8860</key>
		<dict>
			<key>children</key>
			<array>
				<string>C55EC9B91A613EEE002C8860</string>
				<string>C55EC9B71A613EEE002C8860</string>
			</array>
			<key>isa</key>
			<string>PBXGroup</string>
			<key>path</key>
			<string>CheckinTests</string>
			<key>sourceTree</key>
			<string>&lt;group&gt;</string>
		</dict>
		<key>C55EC9B71A613EEE002C8860</key>
		<dict>
			<key>children</key>
			<array>
				<string>C55EC9B81A613EEE002C8860</string>
			</array>
			<key>isa</key>
			<string>PBXGroup</string>
			<key>name</key>
			<string>Supporting Files</string>
			<key>sourceTree</key>
			<string>&lt;group&gt;</string>
		</dict>
		<key>C55EC9B81A613EEE002C8860</key>
		<dict>
			<key>isa</key>
			<string>PBXFileReference</string>
			<key>lastKnownFileType</key>
			<string>text.plist.xml</string>
			<key>path</key>
			<string>Info.plist</string>
			<key>sourceTree</key>
			<string>&lt;group&gt;</string>
		</dict>
		<key>C55EC9B91A613EEE002C8860</key>
		<dict>
			<key>isa</key>
			<string>PBXFileReference</string>
			<key>lastKnownFileType</key>
			<string>sourcecode.c.objc</string>
			<key>path</key>
			<string>CheckinTests.m</string>
			<key>sourceTree</key>
			<string>&lt;group&gt;</string>
		</dict>
		<key>C55EC9BA1A613EEE002C8860</key>
		<dict>
			<key>fileRef</key>
			<string>C55EC9B91A613EEE002C8860</string>
			<key>isa</key>
			<string>PBXBuildFile</string>
		</dict>
		<key>C55EC9BB1A613EEE002C8860</key>
		<dict>
			<key>buildSettings</key>
			<dict>
				<key>ALWAYS_SEARCH_USER_PATHS</key>
				<string>NO</string>
				<key>CLANG_CXX_LANGUAGE_STANDARD</key>
				<string>gnu++0x</string>
				<key>CLANG_CXX_LIBRARY</key>
				<string>libc++</string>
				<key>CLANG_ENABLE_MODULES</key>
				<string>YES</string>
				<key>CLANG_ENABLE_OBJC_ARC</key>
				<string>YES</string>
				<key>CLANG_WARN_BOOL_CONVERSION</key>
				<string>YES</string>
				<key>CLANG_WARN_CONSTANT_CONVERSION</key>
				<string>YES</string>
				<key>CLANG_WARN_DIRECT_OBJC_ISA_USAGE</key>
				<string>YES_ERROR</string>
				<key>CLANG_WARN_EMPTY_BODY</key>
				<string>YES</string>
				<key>CLANG_WARN_ENUM_CONVERSION</key>
				<string>YES</string>
				<key>CLANG_WARN_INT_CONVERSION</key>
				<string>YES</string>
				<key>CLANG_WARN_OBJC_ROOT_CLASS</key>
				<string>YES_ERROR</string>
				<key>CLANG_WARN_UNREACHABLE_CODE</key>
				<string>YES</string>
				<key>CLANG_WARN__DUPLICATE_METHOD_MATCH</key>
				<string>YES</string>
				<key>CODE_SIGN_IDENTITY[sdk=iphoneos*]</key>
				<string>iPhone Developer</string>
				<key>COPY_PHASE_STRIP</key>
				<string>NO</string>
				<key>ENABLE_STRICT_OBJC_MSGSEND</key>
				<string>YES</string>
				<key>GCC_C_LANGUAGE_STANDARD</key>
				<string>gnu99</string>
				<key>GCC_DYNAMIC_NO_PIC</key>
				<string>NO</string>
				<key>GCC_OPTIMIZATION_LEVEL</key>
				<string>0</string>
				<key>GCC_PREPROCESSOR_DEFINITIONS</key>
				<array>
					<string>DEBUG=1</string>
					<string>$(inherited)</string>
				</array>
				<key>GCC_SYMBOLS_PRIVATE_EXTERN</key>
				<string>NO</string>
				<key>GCC_WARN_64_TO_32_BIT_CONVERSION</key>
				<string>YES</string>
				<key>GCC_WARN_ABOUT_RETURN_TYPE</key>
				<string>YES_ERROR</string>
				<key>GCC_WARN_UNDECLARED_SELECTOR</key>
				<string>YES</string>
				<key>GCC_WARN_UNINITIALIZED_AUTOS</key>
				<string>YES_AGGRESSIVE</string>
				<key>GCC_WARN_UNUSED_FUNCTION</key>
				<string>YES</string>
				<key>GCC_WARN_UNUSED_VARIABLE</key>
				<string>YES</string>
				<key>IPHONEOS_DEPLOYMENT_TARGET</key>
				<string>8.1</string>
				<key>MTL_ENABLE_DEBUG_INFO</key>
				<string>YES</string>
				<key>ONLY_ACTIVE_ARCH</key>
				<string>YES</string>
				<key>SDKROOT</key>
				<string>iphoneos</string>
			</dict>
			<key>isa</key>
			<string>XCBuildConfiguration</string>
			<key>name</key>
			<string>Debug</string>
		</dict>
		<key>C55EC9BC1A613EEE002C8860</key>
		<dict>
			<key>buildSettings</key>
			<dict>
				<key>ALWAYS_SEARCH_USER_PATHS</key>
				<string>NO</string>
				<key>CLANG_CXX_LANGUAGE_STANDARD</key>
				<string>gnu++0x</string>
				<key>CLANG_CXX_LIBRARY</key>
				<string>libc++</string>
				<key>CLANG_ENABLE_MODULES</key>
				<string>YES</string>
				<key>CLANG_ENABLE_OBJC_ARC</key>
				<string>YES</string>
				<key>CLANG_WARN_BOOL_CONVERSION</key>
				<string>YES</string>
				<key>CLANG_WARN_CONSTANT_CONVERSION</key>
				<string>YES</string>
				<key>CLANG_WARN_DIRECT_OBJC_ISA_USAGE</key>
				<string>YES_ERROR</string>
				<key>CLANG_WARN_EMPTY_BODY</key>
				<string>YES</string>
				<key>CLANG_WARN_ENUM_CONVERSION</key>
				<string>YES</string>
				<key>CLANG_WARN_INT_CONVERSION</key>
				<string>YES</string>
				<key>CLANG_WARN_OBJC_ROOT_CLASS</key>
				<string>YES_ERROR</string>
				<key>CLANG_WARN_UNREACHABLE_CODE</key>
				<string>YES</string>
				<key>CLANG_WARN__DUPLICATE_METHOD_MATCH</key>
				<string>YES</string>
				<key>CODE_SIGN_IDENTITY[sdk=iphoneos*]</key>
				<string>iPhone Developer</string>
				<key>COPY_PHASE_STRIP</key>
				<string>YES</string>
				<key>ENABLE_NS_ASSERTIONS</key>
				<string>NO</string>
				<key>ENABLE_STRICT_OBJC_MSGSEND</key>
				<string>YES</string>
				<key>GCC_C_LANGUAGE_STANDARD</key>
				<string>gnu99</string>
				<key>GCC_WARN_64_TO_32_BIT_CONVERSION</key>
				<string>YES</string>
				<key>GCC_WARN_ABOUT_RETURN_TYPE</key>
				<string>YES_ERROR</string>
				<key>GCC_WARN_UNDECLARED_SELECTOR</key>
				<string>YES</string>
				<key>GCC_WARN_UNINITIALIZED_AUTOS</key>
				<string>YES_AGGRESSIVE</string>
				<key>GCC_WARN_UNUSED_FUNCTION</key>
				<string>YES</string>
				<key>GCC_WARN_UNUSED_VARIABLE</key>
				<string>YES</string>
				<key>IPHONEOS_DEPLOYMENT_TARGET</key>
				<string>8.1</string>
				<key>MTL_ENABLE_DEBUG_INFO</key>
				<string>NO</string>
				<key>SDKROOT</key>
				<string>iphoneos</string>
				<key>VALIDATE_PRODUCT</key>
				<string>YES</string>
			</dict>
			<key>isa</key>
			<string>XCBuildConfiguration</string>
			<key>name</key>
			<string>Release</string>
		</dict>
		<key>C55EC9BD1A613EEE002C8860</key>
		<dict>
			<key>buildConfigurations</key>
			<array>
				<string>C55EC9BE1A613EEE002C8860</string>
				<string>C55EC9BF1A613EEE002C8860</string>
			</array>
			<key>defaultConfigurationIsVisible</key>
			<string>0</string>
			<key>defaultConfigurationName</key>
			<string>Release</string>
			<key>isa</key>
			<string>XCConfigurationList</string>
		</dict>
		<key>C55EC9BE1A613EEE002C8860</key>
		<dict>
			<key>baseConfigurationReference</key>
			<string>4434B9EF17023B3D49FC831D</string>
			<key>buildSettings</key>
			<dict>
				<key>ASSETCATALOG_COMPILER_APPICON_NAME</key>
				<string>AppIcon</string>
				<key>ASSETCATALOG_COMPILER_LAUNCHIMAGE_NAME</key>
				<string>LaunchImage</string>
				<key>INFOPLIST_FILE</key>
				<string>Checkin/Info.plist</string>
				<key>LD_RUNPATH_SEARCH_PATHS</key>
				<string>$(inherited) @executable_path/Frameworks</string>
				<key>PRODUCT_NAME</key>
				<string>$(TARGET_NAME)</string>
			</dict>
			<key>isa</key>
			<string>XCBuildConfiguration</string>
			<key>name</key>
			<string>Debug</string>
		</dict>
		<key>C55EC9BF1A613EEE002C8860</key>
		<dict>
			<key>baseConfigurationReference</key>
			<string>2E6211C958732C563CBD1B9F</string>
			<key>buildSettings</key>
			<dict>
				<key>ASSETCATALOG_COMPILER_APPICON_NAME</key>
				<string>AppIcon</string>
				<key>ASSETCATALOG_COMPILER_LAUNCHIMAGE_NAME</key>
				<string>LaunchImage</string>
				<key>CODE_SIGN_IDENTITY</key>
				<string>iPhone Distribution: Marko Miljus (G9VDSGDM55)</string>
				<key>INFOPLIST_FILE</key>
				<string>Checkin/Info.plist</string>
				<key>LD_RUNPATH_SEARCH_PATHS</key>
				<string>$(inherited) @executable_path/Frameworks</string>
				<key>PRODUCT_NAME</key>
				<string>$(TARGET_NAME)</string>
			</dict>
			<key>isa</key>
			<string>XCBuildConfiguration</string>
			<key>name</key>
			<string>Release</string>
		</dict>
		<key>C55EC9C01A613EEE002C8860</key>
		<dict>
			<key>buildConfigurations</key>
			<array>
				<string>C55EC9C11A613EEE002C8860</string>
				<string>C55EC9C21A613EEE002C8860</string>
			</array>
			<key>defaultConfigurationIsVisible</key>
			<string>0</string>
			<key>defaultConfigurationName</key>
			<string>Release</string>
			<key>isa</key>
			<string>XCConfigurationList</string>
		</dict>
		<key>C55EC9C11A613EEE002C8860</key>
		<dict>
			<key>buildSettings</key>
			<dict>
				<key>BUNDLE_LOADER</key>
				<string>$(TEST_HOST)</string>
				<key>FRAMEWORK_SEARCH_PATHS</key>
				<array>
					<string>$(SDKROOT)/Developer/Library/Frameworks</string>
					<string>$(inherited)</string>
				</array>
				<key>GCC_PREPROCESSOR_DEFINITIONS</key>
				<array>
					<string>DEBUG=1</string>
					<string>$(inherited)</string>
				</array>
				<key>INFOPLIST_FILE</key>
				<string>CheckinTests/Info.plist</string>
				<key>LD_RUNPATH_SEARCH_PATHS</key>
				<string>$(inherited) @executable_path/Frameworks @loader_path/Frameworks</string>
				<key>PRODUCT_NAME</key>
				<string>$(TARGET_NAME)</string>
				<key>TEST_HOST</key>
				<string>$(BUILT_PRODUCTS_DIR)/Checkin.app/Checkin</string>
			</dict>
			<key>isa</key>
			<string>XCBuildConfiguration</string>
			<key>name</key>
			<string>Debug</string>
		</dict>
		<key>C55EC9C21A613EEE002C8860</key>
		<dict>
			<key>buildSettings</key>
			<dict>
				<key>BUNDLE_LOADER</key>
				<string>$(TEST_HOST)</string>
				<key>FRAMEWORK_SEARCH_PATHS</key>
				<array>
					<string>$(SDKROOT)/Developer/Library/Frameworks</string>
					<string>$(inherited)</string>
				</array>
				<key>INFOPLIST_FILE</key>
				<string>CheckinTests/Info.plist</string>
				<key>LD_RUNPATH_SEARCH_PATHS</key>
				<string>$(inherited) @executable_path/Frameworks @loader_path/Frameworks</string>
				<key>PRODUCT_NAME</key>
				<string>$(TARGET_NAME)</string>
				<key>TEST_HOST</key>
				<string>$(BUILT_PRODUCTS_DIR)/Checkin.app/Checkin</string>
			</dict>
			<key>isa</key>
			<string>XCBuildConfiguration</string>
			<key>name</key>
			<string>Release</string>
		</dict>
		<key>C55EC9C71A616E00002C8860</key>
		<dict>
			<key>fileEncoding</key>
			<string>4</string>
			<key>isa</key>
			<string>PBXFileReference</string>
			<key>lastKnownFileType</key>
			<string>sourcecode.c.h</string>
			<key>path</key>
			<string>HomeViewController.h</string>
			<key>sourceTree</key>
			<string>&lt;group&gt;</string>
		</dict>
		<key>C55EC9C81A616E00002C8860</key>
		<dict>
			<key>fileEncoding</key>
			<string>4</string>
			<key>isa</key>
			<string>PBXFileReference</string>
			<key>lastKnownFileType</key>
			<string>sourcecode.c.objc</string>
			<key>path</key>
			<string>HomeViewController.m</string>
			<key>sourceTree</key>
			<string>&lt;group&gt;</string>
		</dict>
		<key>C55EC9C91A616E00002C8860</key>
		<dict>
			<key>fileRef</key>
			<string>C55EC9C81A616E00002C8860</string>
			<key>isa</key>
			<string>PBXBuildFile</string>
		</dict>
		<key>C55EC9CC1A617280002C8860</key>
		<dict>
			<key>isa</key>
			<string>PBXFileReference</string>
			<key>lastKnownFileType</key>
			<string>folder.assetcatalog</string>
			<key>path</key>
			<string>Media.xcassets</string>
			<key>sourceTree</key>
			<string>&lt;group&gt;</string>
		</dict>
		<key>C55EC9CD1A617280002C8860</key>
		<dict>
			<key>fileRef</key>
			<string>C55EC9CC1A617280002C8860</string>
			<key>isa</key>
			<string>PBXBuildFile</string>
		</dict>
		<key>C55EC9CE1A617550002C8860</key>
		<dict>
			<key>fileEncoding</key>
			<string>4</string>
			<key>isa</key>
			<string>PBXFileReference</string>
			<key>lastKnownFileType</key>
			<string>sourcecode.c.h</string>
			<key>path</key>
			<string>SideMenuViewController.h</string>
			<key>sourceTree</key>
			<string>&lt;group&gt;</string>
		</dict>
		<key>C55EC9CF1A617550002C8860</key>
		<dict>
			<key>fileEncoding</key>
			<string>4</string>
			<key>isa</key>
			<string>PBXFileReference</string>
			<key>lastKnownFileType</key>
			<string>sourcecode.c.objc</string>
			<key>path</key>
			<string>SideMenuViewController.m</string>
			<key>sourceTree</key>
			<string>&lt;group&gt;</string>
		</dict>
		<key>C55EC9D01A617550002C8860</key>
		<dict>
			<key>fileRef</key>
			<string>C55EC9CF1A617550002C8860</string>
			<key>isa</key>
			<string>PBXBuildFile</string>
		</dict>
		<key>C55EC9D11A619890002C8860</key>
		<dict>
			<key>isa</key>
			<string>PBXFileReference</string>
			<key>lastKnownFileType</key>
			<string>file</string>
			<key>path</key>
			<string>Montserrat-Bold.otf</string>
			<key>sourceTree</key>
			<string>&lt;group&gt;</string>
		</dict>
		<key>C55EC9D21A619898002C8860</key>
		<dict>
			<key>isa</key>
			<string>PBXFileReference</string>
			<key>lastKnownFileType</key>
			<string>file</string>
			<key>path</key>
			<string>Montserrat-Regular.otf</string>
			<key>sourceTree</key>
			<string>&lt;group&gt;</string>
		</dict>
		<key>C55EC9D31A61989C002C8860</key>
		<dict>
			<key>children</key>
			<array>
				<string>C55EC9D11A619890002C8860</string>
				<string>C55EC9D21A619898002C8860</string>
			</array>
			<key>isa</key>
			<string>PBXGroup</string>
			<key>name</key>
			<string>fonts</string>
			<key>sourceTree</key>
			<string>&lt;group&gt;</string>
		</dict>
		<key>C55EC9D41A61FCA1002C8860</key>
		<dict>
			<key>fileRef</key>
			<string>C55EC9D11A619890002C8860</string>
			<key>isa</key>
			<string>PBXBuildFile</string>
		</dict>
		<key>C55EC9D51A61FCA1002C8860</key>
		<dict>
			<key>fileRef</key>
			<string>C55EC9D21A619898002C8860</string>
			<key>isa</key>
			<string>PBXBuildFile</string>
		</dict>
		<key>C55EC9DC1A62CAA1002C8860</key>
		<dict>
			<key>children</key>
			<array>
				<string>C55EC9DD1A62CAA1002C8860</string>
				<string>C55EC9DE1A62CAA1002C8860</string>
			</array>
			<key>isa</key>
			<string>PBXGroup</string>
			<key>path</key>
			<string>SWRevealViewController</string>
			<key>sourceTree</key>
			<string>&lt;group&gt;</string>
		</dict>
		<key>C55EC9DD1A62CAA1002C8860</key>
		<dict>
			<key>fileEncoding</key>
			<string>4</string>
			<key>isa</key>
			<string>PBXFileReference</string>
			<key>lastKnownFileType</key>
			<string>sourcecode.c.h</string>
			<key>path</key>
			<string>SWRevealViewController.h</string>
			<key>sourceTree</key>
			<string>&lt;group&gt;</string>
		</dict>
		<key>C55EC9DE1A62CAA1002C8860</key>
		<dict>
			<key>fileEncoding</key>
			<string>4</string>
			<key>isa</key>
			<string>PBXFileReference</string>
			<key>lastKnownFileType</key>
			<string>sourcecode.c.objc</string>
			<key>path</key>
			<string>SWRevealViewController.m</string>
			<key>sourceTree</key>
			<string>&lt;group&gt;</string>
		</dict>
		<key>C55EC9DF1A62CAA1002C8860</key>
		<dict>
			<key>fileRef</key>
			<string>C55EC9DE1A62CAA1002C8860</string>
			<key>isa</key>
			<string>PBXBuildFile</string>
		</dict>
		<key>C55EC9E01A631DE2002C8860</key>
		<dict>
			<key>fileEncoding</key>
			<string>4</string>
			<key>isa</key>
			<string>PBXFileReference</string>
			<key>lastKnownFileType</key>
			<string>sourcecode.c.h</string>
			<key>path</key>
			<string>ListViewController.h</string>
			<key>sourceTree</key>
			<string>&lt;group&gt;</string>
		</dict>
		<key>C55EC9E11A631DE2002C8860</key>
		<dict>
			<key>fileEncoding</key>
			<string>4</string>
			<key>isa</key>
			<string>PBXFileReference</string>
			<key>lastKnownFileType</key>
			<string>sourcecode.c.objc</string>
			<key>path</key>
			<string>ListViewController.m</string>
			<key>sourceTree</key>
			<string>&lt;group&gt;</string>
		</dict>
		<key>C55EC9E21A631DE2002C8860</key>
		<dict>
			<key>fileRef</key>
			<string>C55EC9E11A631DE2002C8860</string>
			<key>isa</key>
			<string>PBXBuildFile</string>
		</dict>
		<key>C55EC9E61A633501002C8860</key>
		<dict>
			<key>fileEncoding</key>
			<string>4</string>
			<key>isa</key>
			<string>PBXFileReference</string>
			<key>lastKnownFileType</key>
			<string>sourcecode.c.h</string>
			<key>path</key>
			<string>CustomListCell.h</string>
			<key>sourceTree</key>
			<string>&lt;group&gt;</string>
		</dict>
		<key>C55EC9E71A633501002C8860</key>
		<dict>
			<key>fileEncoding</key>
			<string>4</string>
			<key>isa</key>
			<string>PBXFileReference</string>
			<key>lastKnownFileType</key>
			<string>sourcecode.c.objc</string>
			<key>path</key>
			<string>CustomListCell.m</string>
			<key>sourceTree</key>
			<string>&lt;group&gt;</string>
		</dict>
		<key>C55EC9E81A633501002C8860</key>
		<dict>
			<key>fileRef</key>
			<string>C55EC9E71A633501002C8860</string>
			<key>isa</key>
			<string>PBXBuildFile</string>
		</dict>
		<key>C55EC9E91A63B677002C8860</key>
		<dict>
			<key>fileEncoding</key>
			<string>4</string>
			<key>isa</key>
			<string>PBXFileReference</string>
			<key>lastKnownFileType</key>
			<string>sourcecode.c.h</string>
			<key>path</key>
			<string>TicketViewController.h</string>
			<key>sourceTree</key>
			<string>&lt;group&gt;</string>
		</dict>
		<key>C55EC9EA1A63B677002C8860</key>
		<dict>
			<key>fileEncoding</key>
			<string>4</string>
			<key>isa</key>
			<string>PBXFileReference</string>
			<key>lastKnownFileType</key>
			<string>sourcecode.c.objc</string>
			<key>path</key>
			<string>TicketViewController.m</string>
			<key>sourceTree</key>
			<string>&lt;group&gt;</string>
		</dict>
		<key>C55EC9EB1A63B677002C8860</key>
		<dict>
			<key>fileRef</key>
			<string>C55EC9EA1A63B677002C8860</string>
			<key>isa</key>
			<string>PBXBuildFile</string>
		</dict>
		<key>C55EC9EC1A63E4FD002C8860</key>
		<dict>
			<key>fileEncoding</key>
			<string>4</string>
			<key>isa</key>
			<string>PBXFileReference</string>
			<key>lastKnownFileType</key>
			<string>sourcecode.c.h</string>
			<key>path</key>
			<string>LoginViewController.h</string>
			<key>sourceTree</key>
			<string>&lt;group&gt;</string>
		</dict>
		<key>C55EC9ED1A63E4FD002C8860</key>
		<dict>
			<key>fileEncoding</key>
			<string>4</string>
			<key>isa</key>
			<string>PBXFileReference</string>
			<key>lastKnownFileType</key>
			<string>sourcecode.c.objc</string>
			<key>path</key>
			<string>LoginViewController.m</string>
			<key>sourceTree</key>
			<string>&lt;group&gt;</string>
		</dict>
		<key>C55EC9EE1A63E4FD002C8860</key>
		<dict>
			<key>fileRef</key>
			<string>C55EC9ED1A63E4FD002C8860</string>
			<key>isa</key>
			<string>PBXBuildFile</string>
		</dict>
		<key>D223E6D8F9B540F6BF6A7750</key>
		<dict>
			<key>buildActionMask</key>
			<string>2147483647</string>
			<key>files</key>
			<array/>
			<key>inputPaths</key>
			<array/>
			<key>isa</key>
			<string>PBXShellScriptBuildPhase</string>
			<key>name</key>
			<string>Copy Pods Resources</string>
			<key>outputPaths</key>
			<array/>
			<key>runOnlyForDeploymentPostprocessing</key>
			<string>0</string>
			<key>shellPath</key>
			<string>/bin/sh</string>
			<key>shellScript</key>
			<string>"${SRCROOT}/Pods/Target Support Files/Pods/Pods-resources.sh"
</string>
			<key>showEnvVarsInLog</key>
			<string>0</string>
		</dict>
	</dict>
	<key>rootObject</key>
	<string>C55EC9921A613EED002C8860</string>
</dict>
</plist>
