// !$*UTF8*$!
{
	archiveVersion = 1;
	classes = {
	};
	objectVersion = 46;
	objects = {

/* Begin PBXBuildFile section */
		C55EC9A01A613EED002C8860 /* main.m in Sources */ = {isa = PBXBuildFile; fileRef = C55EC99F1A613EED002C8860 /* main.m */; };
		C55EC9A31A613EED002C8860 /* AppDelegate.m in Sources */ = {isa = PBXBuildFile; fileRef = C55EC9A21A613EED002C8860 /* AppDelegate.m */; };
		C55EC9A61A613EED002C8860 /* ViewController.m in Sources */ = {isa = PBXBuildFile; fileRef = C55EC9A51A613EED002C8860 /* ViewController.m */; };
		C55EC9A91A613EED002C8860 /* Main.storyboard in Resources */ = {isa = PBXBuildFile; fileRef = C55EC9A71A613EED002C8860 /* Main.storyboard */; };
		C55EC9AB1A613EED002C8860 /* Images.xcassets in Resources */ = {isa = PBXBuildFile; fileRef = C55EC9AA1A613EED002C8860 /* Images.xcassets */; };
		C55EC9AE1A613EED002C8860 /* LaunchScreen.xib in Resources */ = {isa = PBXBuildFile; fileRef = C55EC9AC1A613EED002C8860 /* LaunchScreen.xib */; };
		C55EC9BA1A613EEE002C8860 /* CheckinTests.m in Sources */ = {isa = PBXBuildFile; fileRef = C55EC9B91A613EEE002C8860 /* CheckinTests.m */; };
/* End PBXBuildFile section */

/* Begin PBXContainerItemProxy section */
		C55EC9B41A613EEE002C8860 /* PBXContainerItemProxy */ = {
			isa = PBXContainerItemProxy;
			containerPortal = C55EC9921A613EED002C8860 /* Project object */;
			proxyType = 1;
			remoteGlobalIDString = C55EC9991A613EED002C8860;
			remoteInfo = Checkin;
		};
/* End PBXContainerItemProxy section */

/* Begin PBXFileReference section */
		C55EC99A1A613EED002C8860 /* Checkin.app */ = {isa = PBXFileReference; explicitFileType = wrapper.application; includeInIndex = 0; path = Checkin.app; sourceTree = BUILT_PRODUCTS_DIR; };
		C55EC99E1A613EED002C8860 /* Info.plist */ = {isa = PBXFileReference; lastKnownFileType = text.plist.xml; path = Info.plist; sourceTree = "<group>"; };
		C55EC99F1A613EED002C8860 /* main.m */ = {isa = PBXFileReference; lastKnownFileType = sourcecode.c.objc; path = main.m; sourceTree = "<group>"; };
		C55EC9A11A613EED002C8860 /* AppDelegate.h */ = {isa = PBXFileReference; lastKnownFileType = sourcecode.c.h; path = AppDelegate.h; sourceTree = "<group>"; };
		C55EC9A21A613EED002C8860 /* AppDelegate.m */ = {isa = PBXFileReference; lastKnownFileType = sourcecode.c.objc; path = AppDelegate.m; sourceTree = "<group>"; };
		C55EC9A41A613EED002C8860 /* ViewController.h */ = {isa = PBXFileReference; lastKnownFileType = sourcecode.c.h; path = ViewController.h; sourceTree = "<group>"; };
		C55EC9A51A613EED002C8860 /* ViewController.m */ = {isa = PBXFileReference; lastKnownFileType = sourcecode.c.objc; path = ViewController.m; sourceTree = "<group>"; };
		C55EC9A81A613EED002C8860 /* Base */ = {isa = PBXFileReference; lastKnownFileType = file.storyboard; name = Base; path = Base.lproj/Main.storyboard; sourceTree = "<group>"; };
		C55EC9AA1A613EED002C8860 /* Images.xcassets */ = {isa = PBXFileReference; lastKnownFileType = folder.assetcatalog; path = Images.xcassets; sourceTree = "<group>"; };
		C55EC9AD1A613EED002C8860 /* Base */ = {isa = PBXFileReference; lastKnownFileType = file.xib; name = Base; path = Base.lproj/LaunchScreen.xib; sourceTree = "<group>"; };
		C55EC9B31A613EEE002C8860 /* CheckinTests.xctest */ = {isa = PBXFileReference; explicitFileType = wrapper.cfbundle; includeInIndex = 0; path = CheckinTests.xctest; sourceTree = BUILT_PRODUCTS_DIR; };
		C55EC9B81A613EEE002C8860 /* Info.plist */ = {isa = PBXFileReference; lastKnownFileType = text.plist.xml; path = Info.plist; sourceTree = "<group>"; };
		C55EC9B91A613EEE002C8860 /* CheckinTests.m */ = {isa = PBXFileReference; lastKnownFileType = sourcecode.c.objc; path = CheckinTests.m; sourceTree = "<group>"; };
/* End PBXFileReference section */

/* Begin PBXFrameworksBuildPhase section */
		C55EC9971A613EED002C8860 /* Frameworks */ = {
			isa = PBXFrameworksBuildPhase;
			buildActionMask = 2147483647;
			files = (
			);
			runOnlyForDeploymentPostprocessing = 0;
		};
		C55EC9B01A613EEE002C8860 /* Frameworks */ = {
			isa = PBXFrameworksBuildPhase;
			buildActionMask = 2147483647;
			files = (
			);
			runOnlyForDeploymentPostprocessing = 0;
		};
/* End PBXFrameworksBuildPhase section */

/* Begin PBXGroup section */
		C55EC9911A613EED002C8860 = {
			isa = PBXGroup;
			children = (
				C55EC99C1A613EED002C8860 /* Checkin */,
				C55EC9B61A613EEE002C8860 /* CheckinTests */,
				C55EC99B1A613EED002C8860 /* Products */,
			);
			sourceTree = "<group>";
		};
		C55EC99B1A613EED002C8860 /* Products */ = {
			isa = PBXGroup;
			children = (
				C55EC99A1A613EED002C8860 /* Checkin.app */,
				C55EC9B31A613EEE002C8860 /* CheckinTests.xctest */,
			);
			name = Products;
			sourceTree = "<group>";
		};
		C55EC99C1A613EED002C8860 /* Checkin */ = {
			isa = PBXGroup;
			children = (
				C55EC9A11A613EED002C8860 /* AppDelegate.h */,
				C55EC9A21A613EED002C8860 /* AppDelegate.m */,
				C55EC9A41A613EED002C8860 /* ViewController.h */,
				C55EC9A51A613EED002C8860 /* ViewController.m */,
				C55EC9A71A613EED002C8860 /* Main.storyboard */,
				C55EC9AA1A613EED002C8860 /* Images.xcassets */,
				C55EC9AC1A613EED002C8860 /* LaunchScreen.xib */,
				C55EC99D1A613EED002C8860 /* Supporting Files */,
			);
			path = Checkin;
			sourceTree = "<group>";
		};
		C55EC99D1A613EED002C8860 /* Supporting Files */ = {
			isa = PBXGroup;
			children = (
				C55EC99E1A613EED002C8860 /* Info.plist */,
				C55EC99F1A613EED002C8860 /* main.m */,
			);
			name = "Supporting Files";
			sourceTree = "<group>";
		};
		C55EC9B61A613EEE002C8860 /* CheckinTests */ = {
			isa = PBXGroup;
			children = (
				C55EC9B91A613EEE002C8860 /* CheckinTests.m */,
				C55EC9B71A613EEE002C8860 /* Supporting Files */,
			);
			path = CheckinTests;
			sourceTree = "<group>";
		};
		C55EC9B71A613EEE002C8860 /* Supporting Files */ = {
			isa = PBXGroup;
			children = (
				C55EC9B81A613EEE002C8860 /* Info.plist */,
			);
			name = "Supporting Files";
			sourceTree = "<group>";
		};
/* End PBXGroup section */

/* Begin PBXNativeTarget section */
		C55EC9991A613EED002C8860 /* Checkin */ = {
			isa = PBXNativeTarget;
			buildConfigurationList = C55EC9BD1A613EEE002C8860 /* Build configuration list for PBXNativeTarget "Checkin" */;
			buildPhases = (
				C55EC9961A613EED002C8860 /* Sources */,
				C55EC9971A613EED002C8860 /* Frameworks */,
				C55EC9981A613EED002C8860 /* Resources */,
			);
			buildRules = (
			);
			dependencies = (
			);
			name = Checkin;
			productName = Checkin;
			productReference = C55EC99A1A613EED002C8860 /* Checkin.app */;
			productType = "com.apple.product-type.application";
		};
		C55EC9B21A613EEE002C8860 /* CheckinTests */ = {
			isa = PBXNativeTarget;
			buildConfigurationList = C55EC9C01A613EEE002C8860 /* Build configuration list for PBXNativeTarget "CheckinTests" */;
			buildPhases = (
				C55EC9AF1A613EEE002C8860 /* Sources */,
				C55EC9B01A613EEE002C8860 /* Frameworks */,
				C55EC9B11A613EEE002C8860 /* Resources */,
			);
			buildRules = (
			);
			dependencies = (
				C55EC9B51A613EEE002C8860 /* PBXTargetDependency */,
			);
			name = CheckinTests;
			productName = CheckinTests;
			productReference = C55EC9B31A613EEE002C8860 /* CheckinTests.xctest */;
			productType = "com.apple.product-type.bundle.unit-test";
		};
/* End PBXNativeTarget section */

/* Begin PBXProject section */
		C55EC9921A613EED002C8860 /* Project object */ = {
			isa = PBXProject;
			attributes = {
				LastUpgradeCheck = 0610;
				ORGANIZATIONNAME = Krooya;
				TargetAttributes = {
					C55EC9991A613EED002C8860 = {
						CreatedOnToolsVersion = 6.1.1;
					};
					C55EC9B21A613EEE002C8860 = {
						CreatedOnToolsVersion = 6.1.1;
						TestTargetID = C55EC9991A613EED002C8860;
					};
				};
			};
			buildConfigurationList = C55EC9951A613EED002C8860 /* Build configuration list for PBXProject "Checkin" */;
			compatibilityVersion = "Xcode 3.2";
			developmentRegion = English;
			hasScannedForEncodings = 0;
			knownRegions = (
				en,
				Base,
			);
			mainGroup = C55EC9911A613EED002C8860;
			productRefGroup = C55EC99B1A613EED002C8860 /* Products */;
			projectDirPath = "";
			projectRoot = "";
			targets = (
				C55EC9991A613EED002C8860 /* Checkin */,
				C55EC9B21A613EEE002C8860 /* CheckinTests */,
			);
		};
/* End PBXProject section */

/* Begin PBXResourcesBuildPhase section */
		C55EC9981A613EED002C8860 /* Resources */ = {
			isa = PBXResourcesBuildPhase;
			buildActionMask = 2147483647;
			files = (
				C55EC9A91A613EED002C8860 /* Main.storyboard in Resources */,
				C55EC9AE1A613EED002C8860 /* LaunchScreen.xib in Resources */,
				C55EC9AB1A613EED002C8860 /* Images.xcassets in Resources */,
			);
			runOnlyForDeploymentPostprocessing = 0;
		};
		C55EC9B11A613EEE002C8860 /* Resources */ = {
			isa = PBXResourcesBuildPhase;
			buildActionMask = 2147483647;
			files = (
			);
			runOnlyForDeploymentPostprocessing = 0;
		};
/* End PBXResourcesBuildPhase section */

/* Begin PBXSourcesBuildPhase section */
		C55EC9961A613EED002C8860 /* Sources */ = {
			isa = PBXSourcesBuildPhase;
			buildActionMask = 2147483647;
			files = (
				C55EC9A61A613EED002C8860 /* ViewController.m in Sources */,
				C55EC9A31A613EED002C8860 /* AppDelegate.m in Sources */,
				C55EC9A01A613EED002C8860 /* main.m in Sources */,
			);
			runOnlyForDeploymentPostprocessing = 0;
		};
		C55EC9AF1A613EEE002C8860 /* Sources */ = {
			isa = PBXSourcesBuildPhase;
			buildActionMask = 2147483647;
			files = (
				C55EC9BA1A613EEE002C8860 /* CheckinTests.m in Sources */,
			);
			runOnlyForDeploymentPostprocessing = 0;
		};
/* End PBXSourcesBuildPhase section */

/* Begin PBXTargetDependency section */
		C55EC9B51A613EEE002C8860 /* PBXTargetDependency */ = {
			isa = PBXTargetDependency;
			target = C55EC9991A613EED002C8860 /* Checkin */;
			targetProxy = C55EC9B41A613EEE002C8860 /* PBXContainerItemProxy */;
		};
/* End PBXTargetDependency section */

/* Begin PBXVariantGroup section */
		C55EC9A71A613EED002C8860 /* Main.storyboard */ = {
			isa = PBXVariantGroup;
			children = (
				C55EC9A81A613EED002C8860 /* Base */,
			);
			name = Main.storyboard;
			sourceTree = "<group>";
		};
		C55EC9AC1A613EED002C8860 /* LaunchScreen.xib */ = {
			isa = PBXVariantGroup;
			children = (
				C55EC9AD1A613EED002C8860 /* Base */,
			);
			name = LaunchScreen.xib;
			sourceTree = "<group>";
		};
/* End PBXVariantGroup section */

/* Begin XCBuildConfiguration section */
		C55EC9BB1A613EEE002C8860 /* Debug */ = {
			isa = XCBuildConfiguration;
			buildSettings = {
				ALWAYS_SEARCH_USER_PATHS = NO;
				CLANG_CXX_LANGUAGE_STANDARD = "gnu++0x";
				CLANG_CXX_LIBRARY = "libc++";
				CLANG_ENABLE_MODULES = YES;
				CLANG_ENABLE_OBJC_ARC = YES;
				CLANG_WARN_BOOL_CONVERSION = YES;
				CLANG_WARN_CONSTANT_CONVERSION = YES;
				CLANG_WARN_DIRECT_OBJC_ISA_USAGE = YES_ERROR;
				CLANG_WARN_EMPTY_BODY = YES;
				CLANG_WARN_ENUM_CONVERSION = YES;
				CLANG_WARN_INT_CONVERSION = YES;
				CLANG_WARN_OBJC_ROOT_CLASS = YES_ERROR;
				CLANG_WARN_UNREACHABLE_CODE = YES;
				CLANG_WARN__DUPLICATE_METHOD_MATCH = YES;
				"CODE_SIGN_IDENTITY[sdk=iphoneos*]" = "iPhone Developer";
				COPY_PHASE_STRIP = NO;
				ENABLE_STRICT_OBJC_MSGSEND = YES;
				GCC_C_LANGUAGE_STANDARD = gnu99;
				GCC_DYNAMIC_NO_PIC = NO;
				GCC_OPTIMIZATION_LEVEL = 0;
				GCC_PREPROCESSOR_DEFINITIONS = (
					"DEBUG=1",
					"$(inherited)",
				);
				GCC_SYMBOLS_PRIVATE_EXTERN = NO;
				GCC_WARN_64_TO_32_BIT_CONVERSION = YES;
				GCC_WARN_ABOUT_RETURN_TYPE = YES_ERROR;
				GCC_WARN_UNDECLARED_SELECTOR = YES;
				GCC_WARN_UNINITIALIZED_AUTOS = YES_AGGRESSIVE;
				GCC_WARN_UNUSED_FUNCTION = YES;
				GCC_WARN_UNUSED_VARIABLE = YES;
				IPHONEOS_DEPLOYMENT_TARGET = 8.1;
				MTL_ENABLE_DEBUG_INFO = YES;
				ONLY_ACTIVE_ARCH = YES;
				SDKROOT = iphoneos;
			};
			name = Debug;
		};
		C55EC9BC1A613EEE002C8860 /* Release */ = {
			isa = XCBuildConfiguration;
			buildSettings = {
				ALWAYS_SEARCH_USER_PATHS = NO;
				CLANG_CXX_LANGUAGE_STANDARD = "gnu++0x";
				CLANG_CXX_LIBRARY = "libc++";
				CLANG_ENABLE_MODULES = YES;
				CLANG_ENABLE_OBJC_ARC = YES;
				CLANG_WARN_BOOL_CONVERSION = YES;
				CLANG_WARN_CONSTANT_CONVERSION = YES;
				CLANG_WARN_DIRECT_OBJC_ISA_USAGE = YES_ERROR;
				CLANG_WARN_EMPTY_BODY = YES;
				CLANG_WARN_ENUM_CONVERSION = YES;
				CLANG_WARN_INT_CONVERSION = YES;
				CLANG_WARN_OBJC_ROOT_CLASS = YES_ERROR;
				CLANG_WARN_UNREACHABLE_CODE = YES;
				CLANG_WARN__DUPLICATE_METHOD_MATCH = YES;
				"CODE_SIGN_IDENTITY[sdk=iphoneos*]" = "iPhone Developer";
				COPY_PHASE_STRIP = YES;
				ENABLE_NS_ASSERTIONS = NO;
				ENABLE_STRICT_OBJC_MSGSEND = YES;
				GCC_C_LANGUAGE_STANDARD = gnu99;
				GCC_WARN_64_TO_32_BIT_CONVERSION = YES;
				GCC_WARN_ABOUT_RETURN_TYPE = YES_ERROR;
				GCC_WARN_UNDECLARED_SELECTOR = YES;
				GCC_WARN_UNINITIALIZED_AUTOS = YES_AGGRESSIVE;
				GCC_WARN_UNUSED_FUNCTION = YES;
				GCC_WARN_UNUSED_VARIABLE = YES;
				IPHONEOS_DEPLOYMENT_TARGET = 8.1;
				MTL_ENABLE_DEBUG_INFO = NO;
				SDKROOT = iphoneos;
				VALIDATE_PRODUCT = YES;
			};
			name = Release;
		};
		C55EC9BE1A613EEE002C8860 /* Debug */ = {
			isa = XCBuildConfiguration;
			buildSettings = {
				ASSETCATALOG_COMPILER_APPICON_NAME = AppIcon;
				INFOPLIST_FILE = Checkin/Info.plist;
				LD_RUNPATH_SEARCH_PATHS = "$(inherited) @executable_path/Frameworks";
				PRODUCT_NAME = "$(TARGET_NAME)";
			};
			name = Debug;
		};
		C55EC9BF1A613EEE002C8860 /* Release */ = {
			isa = XCBuildConfiguration;
			buildSettings = {
				ASSETCATALOG_COMPILER_APPICON_NAME = AppIcon;
				INFOPLIST_FILE = Checkin/Info.plist;
				LD_RUNPATH_SEARCH_PATHS = "$(inherited) @executable_path/Frameworks";
				PRODUCT_NAME = "$(TARGET_NAME)";
			};
			name = Release;
		};
		C55EC9C11A613EEE002C8860 /* Debug */ = {
			isa = XCBuildConfiguration;
			buildSettings = {
				BUNDLE_LOADER = "$(TEST_HOST)";
				FRAMEWORK_SEARCH_PATHS = (
					"$(SDKROOT)/Developer/Library/Frameworks",
					"$(inherited)",
				);
				GCC_PREPROCESSOR_DEFINITIONS = (
					"DEBUG=1",
					"$(inherited)",
				);
				INFOPLIST_FILE = CheckinTests/Info.plist;
				LD_RUNPATH_SEARCH_PATHS = "$(inherited) @executable_path/Frameworks @loader_path/Frameworks";
				PRODUCT_NAME = "$(TARGET_NAME)";
				TEST_HOST = "$(BUILT_PRODUCTS_DIR)/Checkin.app/Checkin";
			};
			name = Debug;
		};
		C55EC9C21A613EEE002C8860 /* Release */ = {
			isa = XCBuildConfiguration;
			buildSettings = {
				BUNDLE_LOADER = "$(TEST_HOST)";
				FRAMEWORK_SEARCH_PATHS = (
					"$(SDKROOT)/Developer/Library/Frameworks",
					"$(inherited)",
				);
				INFOPLIST_FILE = CheckinTests/Info.plist;
				LD_RUNPATH_SEARCH_PATHS = "$(inherited) @executable_path/Frameworks @loader_path/Frameworks";
				PRODUCT_NAME = "$(TARGET_NAME)";
				TEST_HOST = "$(BUILT_PRODUCTS_DIR)/Checkin.app/Checkin";
			};
			name = Release;
		};
/* End XCBuildConfiguration section */

/* Begin XCConfigurationList section */
		C55EC9951A613EED002C8860 /* Build configuration list for PBXProject "Checkin" */ = {
			isa = XCConfigurationList;
			buildConfigurations = (
				C55EC9BB1A613EEE002C8860 /* Debug */,
				C55EC9BC1A613EEE002C8860 /* Release */,
			);
			defaultConfigurationIsVisible = 0;
			defaultConfigurationName = Release;
		};
		C55EC9BD1A613EEE002C8860 /* Build configuration list for PBXNativeTarget "Checkin" */ = {
			isa = XCConfigurationList;
			buildConfigurations = (
				C55EC9BE1A613EEE002C8860 /* Debug */,
				C55EC9BF1A613EEE002C8860 /* Release */,
			);
			defaultConfigurationIsVisible = 0;
		};
		C55EC9C01A613EEE002C8860 /* Build configuration list for PBXNativeTarget "CheckinTests" */ = {
			isa = XCConfigurationList;
			buildConfigurations = (
				C55EC9C11A613EEE002C8860 /* Debug */,
				C55EC9C21A613EEE002C8860 /* Release */,
			);
			defaultConfigurationIsVisible = 0;
		};
/* End XCConfigurationList section */
	};
	rootObject = C55EC9921A613EED002C8860 /* Project object */;
}
